// !$*UTF8*$!
{
	archiveVersion = 1;
	classes = {
	};
	objectVersion = 46;
	objects = {

/* Begin PBXBuildFile section */
		F92796ED1960C2CD00FB24AB /* ScrapsPullMenuView.swift in Sources */ = {isa = PBXBuildFile; fileRef = F92796E61960C2CD00FB24AB /* ScrapsPullMenuView.swift */; settings = {COMPILER_FLAGS = "-objc"; }; };
		F92796EF1960C2CD00FB24AB /* ScrapsCollectionViewFlowLayout.swift in Sources */ = {isa = PBXBuildFile; fileRef = F92796E81960C2CD00FB24AB /* ScrapsCollectionViewFlowLayout.swift */; settings = {COMPILER_FLAGS = "-objc"; }; };
		F92796F01960C2CD00FB24AB /* ScrapsCollectionViewController.swift in Sources */ = {isa = PBXBuildFile; fileRef = F92796E91960C2CD00FB24AB /* ScrapsCollectionViewController.swift */; settings = {COMPILER_FLAGS = "-objc"; }; };
		F92796F11960C2CD00FB24AB /* ScrapsCanvasCell.swift in Sources */ = {isa = PBXBuildFile; fileRef = F92796EA1960C2CD00FB24AB /* ScrapsCanvasCell.swift */; settings = {COMPILER_FLAGS = "-objc"; }; };
		F92796F21960C2CD00FB24AB /* ScrapsAddCanvasCell.swift in Sources */ = {isa = PBXBuildFile; fileRef = F92796EB1960C2CD00FB24AB /* ScrapsAddCanvasCell.swift */; settings = {COMPILER_FLAGS = "-objc"; }; };
		F92796F61960C2DC00FB24AB /* 859-bar-chart@2x.png in Resources */ = {isa = PBXBuildFile; fileRef = F92796F31960C2DC00FB24AB /* 859-bar-chart@2x.png */; };
		F92796F71960C2DC00FB24AB /* 740-gear@2x.png in Resources */ = {isa = PBXBuildFile; fileRef = F92796F41960C2DC00FB24AB /* 740-gear@2x.png */; };
		F92796F81960C2DC00FB24AB /* 709-plus-gray@2x.png in Resources */ = {isa = PBXBuildFile; fileRef = F92796F51960C2DC00FB24AB /* 709-plus-gray@2x.png */; };
		F98377C21960BEBE0017C9E9 /* AppDelegate.swift in Sources */ = {isa = PBXBuildFile; fileRef = F98377C11960BEBE0017C9E9 /* AppDelegate.swift */; settings = {COMPILER_FLAGS = "-objc"; }; };
		F98377C51960BEBE0017C9E9 /* Scraps.xcdatamodeld in Sources */ = {isa = PBXBuildFile; fileRef = F98377C31960BEBE0017C9E9 /* Scraps.xcdatamodeld */; };
		F98377C71960BEBE0017C9E9 /* ViewController.swift in Sources */ = {isa = PBXBuildFile; fileRef = F98377C61960BEBE0017C9E9 /* ViewController.swift */; settings = {COMPILER_FLAGS = "-objc"; }; };
		F98377CC1960BEBE0017C9E9 /* Images.xcassets in Resources */ = {isa = PBXBuildFile; fileRef = F98377CB1960BEBE0017C9E9 /* Images.xcassets */; };
		F98377D81960BEBE0017C9E9 /* ScrapsTests.swift in Sources */ = {isa = PBXBuildFile; fileRef = F98377D71960BEBE0017C9E9 /* ScrapsTests.swift */; };
		F99942941960D2DB00242110 /* ScrapsOptionsViewController.swift in Sources */ = {isa = PBXBuildFile; fileRef = F99942931960D2DB00242110 /* ScrapsOptionsViewController.swift */; };
		F99942961960D31200242110 /* ScrapsStatsViewController.swift in Sources */ = {isa = PBXBuildFile; fileRef = F99942951960D31200242110 /* ScrapsStatsViewController.swift */; };
/* End PBXBuildFile section */

/* Begin PBXContainerItemProxy section */
		F98377D21960BEBE0017C9E9 /* PBXContainerItemProxy */ = {
			isa = PBXContainerItemProxy;
			containerPortal = F98377B41960BEBE0017C9E9 /* Project object */;
			proxyType = 1;
			remoteGlobalIDString = F98377BB1960BEBE0017C9E9;
			remoteInfo = Scraps;
		};
/* End PBXContainerItemProxy section */

/* Begin PBXFileReference section */
		F92796E61960C2CD00FB24AB /* ScrapsPullMenuView.swift */ = {isa = PBXFileReference; fileEncoding = 4; lastKnownFileType = sourcecode.swift; path = ScrapsPullMenuView.swift; sourceTree = "<group>"; };
		F92796E81960C2CD00FB24AB /* ScrapsCollectionViewFlowLayout.swift */ = {isa = PBXFileReference; fileEncoding = 4; lastKnownFileType = sourcecode.swift; path = ScrapsCollectionViewFlowLayout.swift; sourceTree = "<group>"; };
		F92796E91960C2CD00FB24AB /* ScrapsCollectionViewController.swift */ = {isa = PBXFileReference; fileEncoding = 4; lastKnownFileType = sourcecode.swift; path = ScrapsCollectionViewController.swift; sourceTree = "<group>"; };
		F92796EA1960C2CD00FB24AB /* ScrapsCanvasCell.swift */ = {isa = PBXFileReference; fileEncoding = 4; lastKnownFileType = sourcecode.swift; path = ScrapsCanvasCell.swift; sourceTree = "<group>"; };
		F92796EB1960C2CD00FB24AB /* ScrapsAddCanvasCell.swift */ = {isa = PBXFileReference; fileEncoding = 4; lastKnownFileType = sourcecode.swift; path = ScrapsAddCanvasCell.swift; sourceTree = "<group>"; };
		F92796F31960C2DC00FB24AB /* 859-bar-chart@2x.png */ = {isa = PBXFileReference; lastKnownFileType = image.png; path = "859-bar-chart@2x.png"; sourceTree = "<group>"; };
		F92796F41960C2DC00FB24AB /* 740-gear@2x.png */ = {isa = PBXFileReference; lastKnownFileType = image.png; path = "740-gear@2x.png"; sourceTree = "<group>"; };
		F92796F51960C2DC00FB24AB /* 709-plus-gray@2x.png */ = {isa = PBXFileReference; lastKnownFileType = image.png; path = "709-plus-gray@2x.png"; sourceTree = "<group>"; };
		F98377BC1960BEBE0017C9E9 /* Scraps.app */ = {isa = PBXFileReference; explicitFileType = wrapper.application; includeInIndex = 0; path = Scraps.app; sourceTree = BUILT_PRODUCTS_DIR; };
		F98377C01960BEBE0017C9E9 /* Info.plist */ = {isa = PBXFileReference; lastKnownFileType = text.plist.xml; path = Info.plist; sourceTree = "<group>"; };
		F98377C11960BEBE0017C9E9 /* AppDelegate.swift */ = {isa = PBXFileReference; lastKnownFileType = sourcecode.swift; path = AppDelegate.swift; sourceTree = "<group>"; };
		F98377C41960BEBE0017C9E9 /* Scraps.xcdatamodel */ = {isa = PBXFileReference; lastKnownFileType = wrapper.xcdatamodel; path = Scraps.xcdatamodel; sourceTree = "<group>"; };
		F98377C61960BEBE0017C9E9 /* ViewController.swift */ = {isa = PBXFileReference; lastKnownFileType = sourcecode.swift; path = ViewController.swift; sourceTree = "<group>"; };
		F98377CB1960BEBE0017C9E9 /* Images.xcassets */ = {isa = PBXFileReference; lastKnownFileType = folder.assetcatalog; path = Images.xcassets; sourceTree = "<group>"; };
		F98377D11960BEBE0017C9E9 /* ScrapsTests.xctest */ = {isa = PBXFileReference; explicitFileType = wrapper.cfbundle; includeInIndex = 0; path = ScrapsTests.xctest; sourceTree = BUILT_PRODUCTS_DIR; };
		F98377D61960BEBE0017C9E9 /* Info.plist */ = {isa = PBXFileReference; lastKnownFileType = text.plist.xml; path = Info.plist; sourceTree = "<group>"; };
		F98377D71960BEBE0017C9E9 /* ScrapsTests.swift */ = {isa = PBXFileReference; lastKnownFileType = sourcecode.swift; path = ScrapsTests.swift; sourceTree = "<group>"; };
		F99942931960D2DB00242110 /* ScrapsOptionsViewController.swift */ = {isa = PBXFileReference; fileEncoding = 4; lastKnownFileType = sourcecode.swift; path = ScrapsOptionsViewController.swift; sourceTree = "<group>"; };
		F99942951960D31200242110 /* ScrapsStatsViewController.swift */ = {isa = PBXFileReference; fileEncoding = 4; lastKnownFileType = sourcecode.swift; path = ScrapsStatsViewController.swift; sourceTree = "<group>"; };
/* End PBXFileReference section */

/* Begin PBXFrameworksBuildPhase section */
		F98377B91960BEBE0017C9E9 /* Frameworks */ = {
			isa = PBXFrameworksBuildPhase;
			buildActionMask = 2147483647;
			files = (
			);
			runOnlyForDeploymentPostprocessing = 0;
		};
		F98377CE1960BEBE0017C9E9 /* Frameworks */ = {
			isa = PBXFrameworksBuildPhase;
			buildActionMask = 2147483647;
			files = (
			);
			runOnlyForDeploymentPostprocessing = 0;
		};
/* End PBXFrameworksBuildPhase section */

/* Begin PBXGroup section */
		F98377B31960BEBE0017C9E9 = {
			isa = PBXGroup;
			children = (
				F98377BE1960BEBE0017C9E9 /* Scraps */,
				F98377D41960BEBE0017C9E9 /* ScrapsTests */,
				F98377BD1960BEBE0017C9E9 /* Products */,
			);
			sourceTree = "<group>";
		};
		F98377BD1960BEBE0017C9E9 /* Products */ = {
			isa = PBXGroup;
			children = (
				F98377BC1960BEBE0017C9E9 /* Scraps.app */,
				F98377D11960BEBE0017C9E9 /* ScrapsTests.xctest */,
			);
			name = Products;
			sourceTree = "<group>";
		};
		F98377BE1960BEBE0017C9E9 /* Scraps */ = {
			isa = PBXGroup;
			children = (
				F98377C11960BEBE0017C9E9 /* AppDelegate.swift */,
				F98377C61960BEBE0017C9E9 /* ViewController.swift */,
				F999428F1960D1CE00242110 /* Options View Controller */,
				F999428E1960D1AF00242110 /* Collection View Controller */,
				F99942901960D1DA00242110 /* Stats View Controller */,
				F99942921960D1F000242110 /* Shared Elements */,
				F99942911960D1E500242110 /* Transitions */,
				F98377CB1960BEBE0017C9E9 /* Images.xcassets */,
				F98377C31960BEBE0017C9E9 /* Scraps.xcdatamodeld */,
				F98377BF1960BEBE0017C9E9 /* Supporting Files */,
			);
			path = Scraps;
			sourceTree = "<group>";
		};
		F98377BF1960BEBE0017C9E9 /* Supporting Files */ = {
			isa = PBXGroup;
			children = (
				F92796F31960C2DC00FB24AB /* 859-bar-chart@2x.png */,
				F92796F41960C2DC00FB24AB /* 740-gear@2x.png */,
				F92796F51960C2DC00FB24AB /* 709-plus-gray@2x.png */,
				F98377C01960BEBE0017C9E9 /* Info.plist */,
			);
			name = "Supporting Files";
			sourceTree = "<group>";
		};
		F98377D41960BEBE0017C9E9 /* ScrapsTests */ = {
			isa = PBXGroup;
			children = (
				F98377D71960BEBE0017C9E9 /* ScrapsTests.swift */,
				F98377D51960BEBE0017C9E9 /* Supporting Files */,
			);
			path = ScrapsTests;
			sourceTree = "<group>";
		};
		F98377D51960BEBE0017C9E9 /* Supporting Files */ = {
			isa = PBXGroup;
			children = (
				F98377D61960BEBE0017C9E9 /* Info.plist */,
			);
			name = "Supporting Files";
			sourceTree = "<group>";
		};
		F999428E1960D1AF00242110 /* Collection View Controller */ = {
			isa = PBXGroup;
			children = (
				F92796E81960C2CD00FB24AB /* ScrapsCollectionViewFlowLayout.swift */,
				F92796E91960C2CD00FB24AB /* ScrapsCollectionViewController.swift */,
				F92796EA1960C2CD00FB24AB /* ScrapsCanvasCell.swift */,
				F92796EB1960C2CD00FB24AB /* ScrapsAddCanvasCell.swift */,
			);
			name = "Collection View Controller";
			sourceTree = "<group>";
		};
		F999428F1960D1CE00242110 /* Options View Controller */ = {
			isa = PBXGroup;
			children = (
				F99942931960D2DB00242110 /* ScrapsOptionsViewController.swift */,
			);
			name = "Options View Controller";
			sourceTree = "<group>";
		};
		F99942901960D1DA00242110 /* Stats View Controller */ = {
			isa = PBXGroup;
			children = (
				F99942951960D31200242110 /* ScrapsStatsViewController.swift */,
			);
			name = "Stats View Controller";
			sourceTree = "<group>";
		};
		F99942911960D1E500242110 /* Transitions */ = {
			isa = PBXGroup;
			children = (
			);
			name = Transitions;
			sourceTree = "<group>";
		};
		F99942921960D1F000242110 /* Shared Elements */ = {
			isa = PBXGroup;
			children = (
				F92796E61960C2CD00FB24AB /* ScrapsPullMenuView.swift */,
			);
			name = "Shared Elements";
			sourceTree = "<group>";
		};
/* End PBXGroup section */

/* Begin PBXNativeTarget section */
		F98377BB1960BEBE0017C9E9 /* Scraps */ = {
			isa = PBXNativeTarget;
			buildConfigurationList = F98377DB1960BEBE0017C9E9 /* Build configuration list for PBXNativeTarget "Scraps" */;
			buildPhases = (
				F98377B81960BEBE0017C9E9 /* Sources */,
				F98377B91960BEBE0017C9E9 /* Frameworks */,
				F98377BA1960BEBE0017C9E9 /* Resources */,
			);
			buildRules = (
			);
			dependencies = (
			);
			name = Scraps;
			productName = Scraps;
			productReference = F98377BC1960BEBE0017C9E9 /* Scraps.app */;
			productType = "com.apple.product-type.application";
		};
		F98377D01960BEBE0017C9E9 /* ScrapsTests */ = {
			isa = PBXNativeTarget;
			buildConfigurationList = F98377DE1960BEBE0017C9E9 /* Build configuration list for PBXNativeTarget "ScrapsTests" */;
			buildPhases = (
				F98377CD1960BEBE0017C9E9 /* Sources */,
				F98377CE1960BEBE0017C9E9 /* Frameworks */,
				F98377CF1960BEBE0017C9E9 /* Resources */,
			);
			buildRules = (
			);
			dependencies = (
				F98377D31960BEBE0017C9E9 /* PBXTargetDependency */,
			);
			name = ScrapsTests;
			productName = ScrapsTests;
			productReference = F98377D11960BEBE0017C9E9 /* ScrapsTests.xctest */;
			productType = "com.apple.product-type.bundle.unit-test";
		};
/* End PBXNativeTarget section */

/* Begin PBXProject section */
		F98377B41960BEBE0017C9E9 /* Project object */ = {
			isa = PBXProject;
			attributes = {
				LastUpgradeCheck = 0600;
				ORGANIZATIONNAME = tseale;
				TargetAttributes = {
					F98377BB1960BEBE0017C9E9 = {
						CreatedOnToolsVersion = 6.0;
					};
					F98377D01960BEBE0017C9E9 = {
						CreatedOnToolsVersion = 6.0;
						TestTargetID = F98377BB1960BEBE0017C9E9;
					};
				};
			};
			buildConfigurationList = F98377B71960BEBE0017C9E9 /* Build configuration list for PBXProject "Scraps" */;
			compatibilityVersion = "Xcode 3.2";
			developmentRegion = English;
			hasScannedForEncodings = 0;
			knownRegions = (
				en,
				Base,
			);
			mainGroup = F98377B31960BEBE0017C9E9;
			productRefGroup = F98377BD1960BEBE0017C9E9 /* Products */;
			projectDirPath = "";
			projectRoot = "";
			targets = (
				F98377BB1960BEBE0017C9E9 /* Scraps */,
				F98377D01960BEBE0017C9E9 /* ScrapsTests */,
			);
		};
/* End PBXProject section */

/* Begin PBXResourcesBuildPhase section */
		F98377BA1960BEBE0017C9E9 /* Resources */ = {
			isa = PBXResourcesBuildPhase;
			buildActionMask = 2147483647;
			files = (
				F92796F61960C2DC00FB24AB /* 859-bar-chart@2x.png in Resources */,
				F92796F81960C2DC00FB24AB /* 709-plus-gray@2x.png in Resources */,
				F98377CC1960BEBE0017C9E9 /* Images.xcassets in Resources */,
				F92796F71960C2DC00FB24AB /* 740-gear@2x.png in Resources */,
			);
			runOnlyForDeploymentPostprocessing = 0;
		};
		F98377CF1960BEBE0017C9E9 /* Resources */ = {
			isa = PBXResourcesBuildPhase;
			buildActionMask = 2147483647;
			files = (
			);
			runOnlyForDeploymentPostprocessing = 0;
		};
/* End PBXResourcesBuildPhase section */

/* Begin PBXSourcesBuildPhase section */
		F98377B81960BEBE0017C9E9 /* Sources */ = {
			isa = PBXSourcesBuildPhase;
			buildActionMask = 2147483647;
			files = (
				F92796EF1960C2CD00FB24AB /* ScrapsCollectionViewFlowLayout.swift in Sources */,
				F98377C71960BEBE0017C9E9 /* ViewController.swift in Sources */,
				F92796ED1960C2CD00FB24AB /* ScrapsPullMenuView.swift in Sources */,
				F92796F21960C2CD00FB24AB /* ScrapsAddCanvasCell.swift in Sources */,
				F99942961960D31200242110 /* ScrapsStatsViewController.swift in Sources */,
				F99942941960D2DB00242110 /* ScrapsOptionsViewController.swift in Sources */,
				F98377C21960BEBE0017C9E9 /* AppDelegate.swift in Sources */,
				F92796F11960C2CD00FB24AB /* ScrapsCanvasCell.swift in Sources */,
				F92796F01960C2CD00FB24AB /* ScrapsCollectionViewController.swift in Sources */,
				F98377C51960BEBE0017C9E9 /* Scraps.xcdatamodeld in Sources */,
			);
			runOnlyForDeploymentPostprocessing = 0;
		};
		F98377CD1960BEBE0017C9E9 /* Sources */ = {
			isa = PBXSourcesBuildPhase;
			buildActionMask = 2147483647;
			files = (
				F98377D81960BEBE0017C9E9 /* ScrapsTests.swift in Sources */,
			);
			runOnlyForDeploymentPostprocessing = 0;
		};
/* End PBXSourcesBuildPhase section */

/* Begin PBXTargetDependency section */
		F98377D31960BEBE0017C9E9 /* PBXTargetDependency */ = {
			isa = PBXTargetDependency;
			target = F98377BB1960BEBE0017C9E9 /* Scraps */;
			targetProxy = F98377D21960BEBE0017C9E9 /* PBXContainerItemProxy */;
		};
/* End PBXTargetDependency section */

/* Begin XCBuildConfiguration section */
		F98377D91960BEBE0017C9E9 /* Debug */ = {
			isa = XCBuildConfiguration;
			buildSettings = {
				ALWAYS_SEARCH_USER_PATHS = NO;
				CLANG_CXX_LANGUAGE_STANDARD = "gnu++0x";
				CLANG_CXX_LIBRARY = "libc++";
				CLANG_ENABLE_MODULES = YES;
				CLANG_ENABLE_OBJC_ARC = YES;
				CLANG_WARN_BOOL_CONVERSION = YES;
				CLANG_WARN_CONSTANT_CONVERSION = YES;
				CLANG_WARN_DIRECT_OBJC_ISA_USAGE = YES_ERROR;
				CLANG_WARN_EMPTY_BODY = YES;
				CLANG_WARN_ENUM_CONVERSION = YES;
				CLANG_WARN_INT_CONVERSION = YES;
				CLANG_WARN_OBJC_ROOT_CLASS = YES_ERROR;
				CLANG_WARN_UNREACHABLE_CODE = YES;
				CLANG_WARN__DUPLICATE_METHOD_MATCH = YES;
				"CODE_SIGN_IDENTITY[sdk=iphoneos*]" = "iPhone Developer";
				COPY_PHASE_STRIP = NO;
				ENABLE_STRICT_OBJC_MSGSEND = YES;
				GCC_C_LANGUAGE_STANDARD = gnu99;
				GCC_DYNAMIC_NO_PIC = NO;
				GCC_OPTIMIZATION_LEVEL = 0;
				GCC_PREPROCESSOR_DEFINITIONS = (
					"DEBUG=1",
					"$(inherited)",
				);
				GCC_SYMBOLS_PRIVATE_EXTERN = NO;
				GCC_WARN_64_TO_32_BIT_CONVERSION = YES;
				GCC_WARN_ABOUT_RETURN_TYPE = YES_ERROR;
				GCC_WARN_UNDECLARED_SELECTOR = YES;
				GCC_WARN_UNINITIALIZED_AUTOS = YES_AGGRESSIVE;
				GCC_WARN_UNUSED_FUNCTION = YES;
				GCC_WARN_UNUSED_VARIABLE = YES;
				IPHONEOS_DEPLOYMENT_TARGET = 8.0;
				METAL_ENABLE_DEBUG_INFO = YES;
				ONLY_ACTIVE_ARCH = YES;
				SDKROOT = iphoneos;
				SWIFT_OPTIMIZATION_LEVEL = "-Onone";
			};
			name = Debug;
		};
		F98377DA1960BEBE0017C9E9 /* Release */ = {
			isa = XCBuildConfiguration;
			buildSettings = {
				ALWAYS_SEARCH_USER_PATHS = NO;
				CLANG_CXX_LANGUAGE_STANDARD = "gnu++0x";
				CLANG_CXX_LIBRARY = "libc++";
				CLANG_ENABLE_MODULES = YES;
				CLANG_ENABLE_OBJC_ARC = YES;
				CLANG_WARN_BOOL_CONVERSION = YES;
				CLANG_WARN_CONSTANT_CONVERSION = YES;
				CLANG_WARN_DIRECT_OBJC_ISA_USAGE = YES_ERROR;
				CLANG_WARN_EMPTY_BODY = YES;
				CLANG_WARN_ENUM_CONVERSION = YES;
				CLANG_WARN_INT_CONVERSION = YES;
				CLANG_WARN_OBJC_ROOT_CLASS = YES_ERROR;
				CLANG_WARN_UNREACHABLE_CODE = YES;
				CLANG_WARN__DUPLICATE_METHOD_MATCH = YES;
				"CODE_SIGN_IDENTITY[sdk=iphoneos*]" = "iPhone Developer";
				COPY_PHASE_STRIP = YES;
				ENABLE_NS_ASSERTIONS = NO;
				ENABLE_STRICT_OBJC_MSGSEND = YES;
				GCC_C_LANGUAGE_STANDARD = gnu99;
				GCC_WARN_64_TO_32_BIT_CONVERSION = YES;
				GCC_WARN_ABOUT_RETURN_TYPE = YES_ERROR;
				GCC_WARN_UNDECLARED_SELECTOR = YES;
				GCC_WARN_UNINITIALIZED_AUTOS = YES_AGGRESSIVE;
				GCC_WARN_UNUSED_FUNCTION = YES;
				GCC_WARN_UNUSED_VARIABLE = YES;
				IPHONEOS_DEPLOYMENT_TARGET = 8.0;
				METAL_ENABLE_DEBUG_INFO = NO;
				SDKROOT = iphoneos;
				VALIDATE_PRODUCT = YES;
			};
			name = Release;
		};
		F98377DC1960BEBE0017C9E9 /* Debug */ = {
			isa = XCBuildConfiguration;
			buildSettings = {
				ASSETCATALOG_COMPILER_APPICON_NAME = AppIcon;
				ASSETCATALOG_COMPILER_LAUNCHIMAGE_NAME = LaunchImage;
				INFOPLIST_FILE = Scraps/Info.plist;
				LD_RUNPATH_SEARCH_PATHS = "$(inherited) @executable_path/Frameworks";
				PRODUCT_NAME = "$(TARGET_NAME)";
			};
			name = Debug;
		};
		F98377DD1960BEBE0017C9E9 /* Release */ = {
			isa = XCBuildConfiguration;
			buildSettings = {
				ASSETCATALOG_COMPILER_APPICON_NAME = AppIcon;
				ASSETCATALOG_COMPILER_LAUNCHIMAGE_NAME = LaunchImage;
				INFOPLIST_FILE = Scraps/Info.plist;
				LD_RUNPATH_SEARCH_PATHS = "$(inherited) @executable_path/Frameworks";
				PRODUCT_NAME = "$(TARGET_NAME)";
			};
			name = Release;
		};
		F98377DF1960BEBE0017C9E9 /* Debug */ = {
			isa = XCBuildConfiguration;
			buildSettings = {
				BUNDLE_LOADER = "$(BUILT_PRODUCTS_DIR)/Scraps.app/Scraps";
				FRAMEWORK_SEARCH_PATHS = (
					"$(SDKROOT)/Developer/Library/Frameworks",
					"$(inherited)",
				);
				GCC_PREPROCESSOR_DEFINITIONS = (
					"DEBUG=1",
					"$(inherited)",
				);
				INFOPLIST_FILE = ScrapsTests/Info.plist;
				LD_RUNPATH_SEARCH_PATHS = "$(inherited) @executable_path/Frameworks @loader_path/Frameworks";
				METAL_ENABLE_DEBUG_INFO = YES;
				PRODUCT_NAME = "$(TARGET_NAME)";
				TEST_HOST = "$(BUNDLE_LOADER)";
			};
			name = Debug;
		};
		F98377E01960BEBE0017C9E9 /* Release */ = {
			isa = XCBuildConfiguration;
			buildSettings = {
				BUNDLE_LOADER = "$(BUILT_PRODUCTS_DIR)/Scraps.app/Scraps";
				FRAMEWORK_SEARCH_PATHS = (
					"$(SDKROOT)/Developer/Library/Frameworks",
					"$(inherited)",
				);
				INFOPLIST_FILE = ScrapsTests/Info.plist;
				LD_RUNPATH_SEARCH_PATHS = "$(inherited) @executable_path/Frameworks @loader_path/Frameworks";
				METAL_ENABLE_DEBUG_INFO = NO;
				PRODUCT_NAME = "$(TARGET_NAME)";
				TEST_HOST = "$(BUNDLE_LOADER)";
			};
			name = Release;
		};
/* End XCBuildConfiguration section */

/* Begin XCConfigurationList section */
		F98377B71960BEBE0017C9E9 /* Build configuration list for PBXProject "Scraps" */ = {
			isa = XCConfigurationList;
			buildConfigurations = (
				F98377D91960BEBE0017C9E9 /* Debug */,
				F98377DA1960BEBE0017C9E9 /* Release */,
			);
			defaultConfigurationIsVisible = 0;
			defaultConfigurationName = Release;
		};
		F98377DB1960BEBE0017C9E9 /* Build configuration list for PBXNativeTarget "Scraps" */ = {
			isa = XCConfigurationList;
			buildConfigurations = (
				F98377DC1960BEBE0017C9E9 /* Debug */,
				F98377DD1960BEBE0017C9E9 /* Release */,
			);
			defaultConfigurationIsVisible = 0;
			defaultConfigurationName = Release;
		};
		F98377DE1960BEBE0017C9E9 /* Build configuration list for PBXNativeTarget "ScrapsTests" */ = {
			isa = XCConfigurationList;
			buildConfigurations = (
				F98377DF1960BEBE0017C9E9 /* Debug */,
				F98377E01960BEBE0017C9E9 /* Release */,
			);
			defaultConfigurationIsVisible = 0;
			defaultConfigurationName = Release;
		};
/* End XCConfigurationList section */

/* Begin XCVersionGroup section */
		F98377C31960BEBE0017C9E9 /* Scraps.xcdatamodeld */ = {
			isa = XCVersionGroup;
			children = (
				F98377C41960BEBE0017C9E9 /* Scraps.xcdatamodel */,
			);
			currentVersion = F98377C41960BEBE0017C9E9 /* Scraps.xcdatamodel */;
			path = Scraps.xcdatamodeld;
			sourceTree = "<group>";
			versionGroupType = wrapper.xcdatamodel;
		};
/* End XCVersionGroup section */
	};
	rootObject = F98377B41960BEBE0017C9E9 /* Project object */;
}
